// !$*UTF8*$!
{
	archiveVersion = 1;
	classes = {
	};
	objectVersion = 77;
	objects = {

/* Begin PBXContainerItemProxy section */
		EE3881222E3BD5BB0044496A /* PBXContainerItemProxy */ = {
			isa = PBXContainerItemProxy;
			containerPortal = EE38810A2E3BD5B90044496A /* Project object */;
			proxyType = 1;
			remoteGlobalIDString = EE3881112E3BD5B90044496A;
			remoteInfo = HanziSteps;
		};
		EE38812C2E3BD5BB0044496A /* PBXContainerItemProxy */ = {
			isa = PBXContainerItemProxy;
			containerPortal = EE38810A2E3BD5B90044496A /* Project object */;
			proxyType = 1;
			remoteGlobalIDString = EE3881112E3BD5B90044496A;
			remoteInfo = HanziSteps;
		};
/* End PBXContainerItemProxy section */

/* Begin PBXFileReference section */
		EE3881122E3BD5B90044496A /* HanziSteps.app */ = {isa = PBXFileReference; explicitFileType = wrapper.application; includeInIndex = 0; path = HanziSteps.app; sourceTree = BUILT_PRODUCTS_DIR; };
		EE3881212E3BD5BB0044496A /* HanziStepsTests.xctest */ = {isa = PBXFileReference; explicitFileType = wrapper.cfbundle; includeInIndex = 0; path = HanziStepsTests.xctest; sourceTree = BUILT_PRODUCTS_DIR; };
		EE38812B2E3BD5BB0044496A /* HanziStepsUITests.xctest */ = {isa = PBXFileReference; explicitFileType = wrapper.cfbundle; includeInIndex = 0; path = HanziStepsUITests.xctest; sourceTree = BUILT_PRODUCTS_DIR; };
/* End PBXFileReference section */

/* Begin PBXFileSystemSynchronizedRootGroup section */
		EE3881142E3BD5B90044496A /* HanziSteps */ = {
			isa = PBXFileSystemSynchronizedRootGroup;
			path = HanziSteps;
			sourceTree = "<group>";
		};
		EE3881242E3BD5BB0044496A /* HanziStepsTests */ = {
			isa = PBXFileSystemSynchronizedRootGroup;
			path = HanziStepsTests;
			sourceTree = "<group>";
		};
		EE38812E2E3BD5BB0044496A /* HanziStepsUITests */ = {
			isa = PBXFileSystemSynchronizedRootGroup;
			path = HanziStepsUITests;
			sourceTree = "<group>";
		};
/* End PBXFileSystemSynchronizedRootGroup section */

/* Begin PBXFrameworksBuildPhase section */
		EE38810F2E3BD5B90044496A /* Frameworks */ = {
			isa = PBXFrameworksBuildPhase;
			buildActionMask = 2147483647;
			files = (
			);
			runOnlyForDeploymentPostprocessing = 0;
		};
		EE38811E2E3BD5BB0044496A /* Frameworks */ = {
			isa = PBXFrameworksBuildPhase;
			buildActionMask = 2147483647;
			files = (
			);
			runOnlyForDeploymentPostprocessing = 0;
		};
		EE3881282E3BD5BB0044496A /* Frameworks */ = {
			isa = PBXFrameworksBuildPhase;
			buildActionMask = 2147483647;
			files = (
			);
			runOnlyForDeploymentPostprocessing = 0;
		};
/* End PBXFrameworksBuildPhase section */

/* Begin PBXGroup section */
		EE3881092E3BD5B90044496A = {
			isa = PBXGroup;
			children = (
				EE3881142E3BD5B90044496A /* HanziSteps */,
				EE3881242E3BD5BB0044496A /* HanziStepsTests */,
				EE38812E2E3BD5BB0044496A /* HanziStepsUITests */,
				EE3881132E3BD5B90044496A /* Products */,
			);
			sourceTree = "<group>";
		};
		EE3881132E3BD5B90044496A /* Products */ = {
			isa = PBXGroup;
			children = (
				EE3881122E3BD5B90044496A /* HanziSteps.app */,
				EE3881212E3BD5BB0044496A /* HanziStepsTests.xctest */,
				EE38812B2E3BD5BB0044496A /* HanziStepsUITests.xctest */,
			);
			name = Products;
			sourceTree = "<group>";
		};
/* End PBXGroup section */

/* Begin PBXNativeTarget section */
		EE3881112E3BD5B90044496A /* HanziSteps */ = {
			isa = PBXNativeTarget;
			buildConfigurationList = EE3881352E3BD5BB0044496A /* Build configuration list for PBXNativeTarget "HanziSteps" */;
			buildPhases = (
				EE38810E2E3BD5B90044496A /* Sources */,
				EE38810F2E3BD5B90044496A /* Frameworks */,
				EE3881102E3BD5B90044496A /* Resources */,
			);
			buildRules = (
			);
			dependencies = (
			);
			fileSystemSynchronizedGroups = (
				EE3881142E3BD5B90044496A /* HanziSteps */,
			);
			name = HanziSteps;
			packageProductDependencies = (
			);
			productName = HanziSteps;
			productReference = EE3881122E3BD5B90044496A /* HanziSteps.app */;
			productType = "com.apple.product-type.application";
		};
		EE3881202E3BD5BB0044496A /* HanziStepsTests */ = {
			isa = PBXNativeTarget;
			buildConfigurationList = EE3881382E3BD5BB0044496A /* Build configuration list for PBXNativeTarget "HanziStepsTests" */;
			buildPhases = (
				EE38811D2E3BD5BB0044496A /* Sources */,
				EE38811E2E3BD5BB0044496A /* Frameworks */,
				EE38811F2E3BD5BB0044496A /* Resources */,
			);
			buildRules = (
			);
			dependencies = (
				EE3881232E3BD5BB0044496A /* PBXTargetDependency */,
			);
			fileSystemSynchronizedGroups = (
				EE3881242E3BD5BB0044496A /* HanziStepsTests */,
			);
			name = HanziStepsTests;
			packageProductDependencies = (
			);
			productName = HanziStepsTests;
			productReference = EE3881212E3BD5BB0044496A /* HanziStepsTests.xctest */;
			productType = "com.apple.product-type.bundle.unit-test";
		};
		EE38812A2E3BD5BB0044496A /* HanziStepsUITests */ = {
			isa = PBXNativeTarget;
			buildConfigurationList = EE38813B2E3BD5BB0044496A /* Build configuration list for PBXNativeTarget "HanziStepsUITests" */;
			buildPhases = (
				EE3881272E3BD5BB0044496A /* Sources */,
				EE3881282E3BD5BB0044496A /* Frameworks */,
				EE3881292E3BD5BB0044496A /* Resources */,
			);
			buildRules = (
			);
			dependencies = (
				EE38812D2E3BD5BB0044496A /* PBXTargetDependency */,
			);
			fileSystemSynchronizedGroups = (
				EE38812E2E3BD5BB0044496A /* HanziStepsUITests */,
			);
			name = HanziStepsUITests;
			packageProductDependencies = (
			);
			productName = HanziStepsUITests;
			productReference = EE38812B2E3BD5BB0044496A /* HanziStepsUITests.xctest */;
			productType = "com.apple.product-type.bundle.ui-testing";
		};
/* End PBXNativeTarget section */

/* Begin PBXProject section */
		EE38810A2E3BD5B90044496A /* Project object */ = {
			isa = PBXProject;
			attributes = {
				BuildIndependentTargetsInParallel = 1;
				LastSwiftUpdateCheck = 1640;
				LastUpgradeCheck = 1640;
				TargetAttributes = {
					EE3881112E3BD5B90044496A = {
						CreatedOnToolsVersion = 16.4;
					};
					EE3881202E3BD5BB0044496A = {
						CreatedOnToolsVersion = 16.4;
						TestTargetID = EE3881112E3BD5B90044496A;
					};
					EE38812A2E3BD5BB0044496A = {
						CreatedOnToolsVersion = 16.4;
						TestTargetID = EE3881112E3BD5B90044496A;
					};
				};
			};
			buildConfigurationList = EE38810D2E3BD5B90044496A /* Build configuration list for PBXProject "HanziSteps" */;
			developmentRegion = en;
			hasScannedForEncodings = 0;
			knownRegions = (
				en,
				Base,
				"zh-Hant",
				"zh-Hans",
			);
			mainGroup = EE3881092E3BD5B90044496A;
			minimizedProjectReferenceProxies = 1;
			preferredProjectObjectVersion = 77;
			productRefGroup = EE3881132E3BD5B90044496A /* Products */;
			projectDirPath = "";
			projectRoot = "";
			targets = (
				EE3881112E3BD5B90044496A /* HanziSteps */,
				EE3881202E3BD5BB0044496A /* HanziStepsTests */,
				EE38812A2E3BD5BB0044496A /* HanziStepsUITests */,
			);
		};
/* End PBXProject section */

/* Begin PBXResourcesBuildPhase section */
		EE3881102E3BD5B90044496A /* Resources */ = {
			isa = PBXResourcesBuildPhase;
			buildActionMask = 2147483647;
			files = (
			);
			runOnlyForDeploymentPostprocessing = 0;
		};
		EE38811F2E3BD5BB0044496A /* Resources */ = {
			isa = PBXResourcesBuildPhase;
			buildActionMask = 2147483647;
			files = (
			);
			runOnlyForDeploymentPostprocessing = 0;
		};
		EE3881292E3BD5BB0044496A /* Resources */ = {
			isa = PBXResourcesBuildPhase;
			buildActionMask = 2147483647;
			files = (
			);
			runOnlyForDeploymentPostprocessing = 0;
		};
/* End PBXResourcesBuildPhase section */

/* Begin PBXSourcesBuildPhase section */
		EE38810E2E3BD5B90044496A /* Sources */ = {
			isa = PBXSourcesBuildPhase;
			buildActionMask = 2147483647;
			files = (
			);
			runOnlyForDeploymentPostprocessing = 0;
		};
		EE38811D2E3BD5BB0044496A /* Sources */ = {
			isa = PBXSourcesBuildPhase;
			buildActionMask = 2147483647;
			files = (
			);
			runOnlyForDeploymentPostprocessing = 0;
		};
		EE3881272E3BD5BB0044496A /* Sources */ = {
			isa = PBXSourcesBuildPhase;
			buildActionMask = 2147483647;
			files = (
			);
			runOnlyForDeploymentPostprocessing = 0;
		};
/* End PBXSourcesBuildPhase section */

/* Begin PBXTargetDependency section */
		EE3881232E3BD5BB0044496A /* PBXTargetDependency */ = {
			isa = PBXTargetDependency;
			target = EE3881112E3BD5B90044496A /* HanziSteps */;
			targetProxy = EE3881222E3BD5BB0044496A /* PBXContainerItemProxy */;
		};
		EE38812D2E3BD5BB0044496A /* PBXTargetDependency */ = {
			isa = PBXTargetDependency;
			target = EE3881112E3BD5B90044496A /* HanziSteps */;
			targetProxy = EE38812C2E3BD5BB0044496A /* PBXContainerItemProxy */;
		};
/* End PBXTargetDependency section */

/* Begin XCBuildConfiguration section */
		EE3881332E3BD5BB0044496A /* Debug */ = {
			isa = XCBuildConfiguration;
			buildSettings = {
				ALWAYS_SEARCH_USER_PATHS = NO;
				ASSETCATALOG_COMPILER_GENERATE_SWIFT_ASSET_SYMBOL_EXTENSIONS = YES;
				CLANG_ANALYZER_NONNULL = YES;
				CLANG_ANALYZER_NUMBER_OBJECT_CONVERSION = YES_AGGRESSIVE;
				CLANG_CXX_LANGUAGE_STANDARD = "gnu++20";
				CLANG_ENABLE_MODULES = YES;
				CLANG_ENABLE_OBJC_ARC = YES;
				CLANG_ENABLE_OBJC_WEAK = YES;
				CLANG_WARN_BLOCK_CAPTURE_AUTORELEASING = YES;
				CLANG_WARN_BOOL_CONVERSION = YES;
				CLANG_WARN_COMMA = YES;
				CLANG_WARN_CONSTANT_CONVERSION = YES;
				CLANG_WARN_DEPRECATED_OBJC_IMPLEMENTATIONS = YES;
				CLANG_WARN_DIRECT_OBJC_ISA_USAGE = YES_ERROR;
				CLANG_WARN_DOCUMENTATION_COMMENTS = YES;
				CLANG_WARN_EMPTY_BODY = YES;
				CLANG_WARN_ENUM_CONVERSION = YES;
				CLANG_WARN_INFINITE_RECURSION = YES;
				CLANG_WARN_INT_CONVERSION = YES;
				CLANG_WARN_NON_LITERAL_NULL_CONVERSION = YES;
				CLANG_WARN_OBJC_IMPLICIT_RETAIN_SELF = YES;
				CLANG_WARN_OBJC_LITERAL_CONVERSION = YES;
				CLANG_WARN_OBJC_ROOT_CLASS = YES_ERROR;
				CLANG_WARN_QUOTED_INCLUDE_IN_FRAMEWORK_HEADER = YES;
				CLANG_WARN_RANGE_LOOP_ANALYSIS = YES;
				CLANG_WARN_STRICT_PROTOTYPES = YES;
				CLANG_WARN_SUSPICIOUS_MOVE = YES;
				CLANG_WARN_UNGUARDED_AVAILABILITY = YES_AGGRESSIVE;
				CLANG_WARN_UNREACHABLE_CODE = YES;
				CLANG_WARN__DUPLICATE_METHOD_MATCH = YES;
				COPY_PHASE_STRIP = NO;
				DEBUG_INFORMATION_FORMAT = dwarf;
				DEVELOPMENT_TEAM = 8RQ333B4LF;
				ENABLE_STRICT_OBJC_MSGSEND = YES;
				ENABLE_TESTABILITY = YES;
				ENABLE_USER_SCRIPT_SANDBOXING = YES;
				GCC_C_LANGUAGE_STANDARD = gnu17;
				GCC_DYNAMIC_NO_PIC = NO;
				GCC_NO_COMMON_BLOCKS = YES;
				GCC_OPTIMIZATION_LEVEL = 0;
				GCC_PREPROCESSOR_DEFINITIONS = (
					"DEBUG=1",
					"$(inherited)",
				);
				GCC_WARN_64_TO_32_BIT_CONVERSION = YES;
				GCC_WARN_ABOUT_RETURN_TYPE = YES_ERROR;
				GCC_WARN_UNDECLARED_SELECTOR = YES;
				GCC_WARN_UNINITIALIZED_AUTOS = YES_AGGRESSIVE;
				GCC_WARN_UNUSED_FUNCTION = YES;
				GCC_WARN_UNUSED_VARIABLE = YES;
				IPHONEOS_DEPLOYMENT_TARGET = 18.5;
				LOCALIZATION_PREFERS_STRING_CATALOGS = YES;
				MTL_ENABLE_DEBUG_INFO = INCLUDE_SOURCE;
				MTL_FAST_MATH = YES;
				ONLY_ACTIVE_ARCH = YES;
				SDKROOT = iphoneos;
				SWIFT_ACTIVE_COMPILATION_CONDITIONS = "DEBUG $(inherited)";
				SWIFT_OPTIMIZATION_LEVEL = "-Onone";
			};
			name = Debug;
		};
		EE3881342E3BD5BB0044496A /* Release */ = {
			isa = XCBuildConfiguration;
			buildSettings = {
				ALWAYS_SEARCH_USER_PATHS = NO;
				ASSETCATALOG_COMPILER_GENERATE_SWIFT_ASSET_SYMBOL_EXTENSIONS = YES;
				CLANG_ANALYZER_NONNULL = YES;
				CLANG_ANALYZER_NUMBER_OBJECT_CONVERSION = YES_AGGRESSIVE;
				CLANG_CXX_LANGUAGE_STANDARD = "gnu++20";
				CLANG_ENABLE_MODULES = YES;
				CLANG_ENABLE_OBJC_ARC = YES;
				CLANG_ENABLE_OBJC_WEAK = YES;
				CLANG_WARN_BLOCK_CAPTURE_AUTORELEASING = YES;
				CLANG_WARN_BOOL_CONVERSION = YES;
				CLANG_WARN_COMMA = YES;
				CLANG_WARN_CONSTANT_CONVERSION = YES;
				CLANG_WARN_DEPRECATED_OBJC_IMPLEMENTATIONS = YES;
				CLANG_WARN_DIRECT_OBJC_ISA_USAGE = YES_ERROR;
				CLANG_WARN_DOCUMENTATION_COMMENTS = YES;
				CLANG_WARN_EMPTY_BODY = YES;
				CLANG_WARN_ENUM_CONVERSION = YES;
				CLANG_WARN_INFINITE_RECURSION = YES;
				CLANG_WARN_INT_CONVERSION = YES;
				CLANG_WARN_NON_LITERAL_NULL_CONVERSION = YES;
				CLANG_WARN_OBJC_IMPLICIT_RETAIN_SELF = YES;
				CLANG_WARN_OBJC_LITERAL_CONVERSION = YES;
				CLANG_WARN_OBJC_ROOT_CLASS = YES_ERROR;
				CLANG_WARN_QUOTED_INCLUDE_IN_FRAMEWORK_HEADER = YES;
				CLANG_WARN_RANGE_LOOP_ANALYSIS = YES;
				CLANG_WARN_STRICT_PROTOTYPES = YES;
				CLANG_WARN_SUSPICIOUS_MOVE = YES;
				CLANG_WARN_UNGUARDED_AVAILABILITY = YES_AGGRESSIVE;
				CLANG_WARN_UNREACHABLE_CODE = YES;
				CLANG_WARN__DUPLICATE_METHOD_MATCH = YES;
				COPY_PHASE_STRIP = NO;
				DEBUG_INFORMATION_FORMAT = "dwarf-with-dsym";
				DEVELOPMENT_TEAM = 8RQ333B4LF;
				ENABLE_NS_ASSERTIONS = NO;
				ENABLE_STRICT_OBJC_MSGSEND = YES;
				ENABLE_USER_SCRIPT_SANDBOXING = YES;
				GCC_C_LANGUAGE_STANDARD = gnu17;
				GCC_NO_COMMON_BLOCKS = YES;
				GCC_WARN_64_TO_32_BIT_CONVERSION = YES;
				GCC_WARN_ABOUT_RETURN_TYPE = YES_ERROR;
				GCC_WARN_UNDECLARED_SELECTOR = YES;
				GCC_WARN_UNINITIALIZED_AUTOS = YES_AGGRESSIVE;
				GCC_WARN_UNUSED_FUNCTION = YES;
				GCC_WARN_UNUSED_VARIABLE = YES;
				IPHONEOS_DEPLOYMENT_TARGET = 18.5;
				LOCALIZATION_PREFERS_STRING_CATALOGS = YES;
				MTL_ENABLE_DEBUG_INFO = NO;
				MTL_FAST_MATH = YES;
				SDKROOT = iphoneos;
				SWIFT_COMPILATION_MODE = wholemodule;
				VALIDATE_PRODUCT = YES;
			};
			name = Release;
		};
		EE3881362E3BD5BB0044496A /* Debug */ = {
			isa = XCBuildConfiguration;
			buildSettings = {
				ASSETCATALOG_COMPILER_APPICON_NAME = AppIcon;
				ASSETCATALOG_COMPILER_GLOBAL_ACCENT_COLOR_NAME = AccentColor;
				CODE_SIGN_STYLE = Automatic;
				CURRENT_PROJECT_VERSION = 1;
				DEVELOPMENT_TEAM = 8RQ333B4LF;
				ENABLE_PREVIEWS = YES;
				GENERATE_INFOPLIST_FILE = YES;
				INFOPLIST_KEY_UIApplicationSceneManifest_Generation = YES;
				INFOPLIST_KEY_UIApplicationSupportsIndirectInputEvents = YES;
				INFOPLIST_KEY_UILaunchScreen_Generation = YES;
				INFOPLIST_KEY_UISupportedInterfaceOrientations = "UIInterfaceOrientationLandscapeLeft UIInterfaceOrientationLandscapeRight";
				LD_RUNPATH_SEARCH_PATHS = (
					"$(inherited)",
					"@executable_path/Frameworks",
				);
				MARKETING_VERSION = 1.0;
				PRODUCT_BUNDLE_IDENTIFIER = cnc.commonwealth.HanziSteps;
				PRODUCT_NAME = "$(TARGET_NAME)";
				SWIFT_EMIT_LOC_STRINGS = YES;
				SWIFT_VERSION = 5.0;
				TARGETED_DEVICE_FAMILY = "1,2";
			};
			name = Debug;
		};
		EE3881372E3BD5BB0044496A /* Release */ = {
			isa = XCBuildConfiguration;
			buildSettings = {
				ASSETCATALOG_COMPILER_APPICON_NAME = AppIcon;
				ASSETCATALOG_COMPILER_GLOBAL_ACCENT_COLOR_NAME = AccentColor;
				CODE_SIGN_STYLE = Automatic;
				CURRENT_PROJECT_VERSION = 1;
				DEVELOPMENT_TEAM = 8RQ333B4LF;
				ENABLE_PREVIEWS = YES;
				GENERATE_INFOPLIST_FILE = YES;
				INFOPLIST_KEY_UIApplicationSceneManifest_Generation = YES;
				INFOPLIST_KEY_UIApplicationSupportsIndirectInputEvents = YES;
				INFOPLIST_KEY_UILaunchScreen_Generation = YES;
				INFOPLIST_KEY_UISupportedInterfaceOrientations = "UIInterfaceOrientationLandscapeLeft UIInterfaceOrientationLandscapeRight";
				LD_RUNPATH_SEARCH_PATHS = (
					"$(inherited)",
					"@executable_path/Frameworks",
				);
				MARKETING_VERSION = 1.0;
				PRODUCT_BUNDLE_IDENTIFIER = cnc.commonwealth.HanziSteps;
				PRODUCT_NAME = "$(TARGET_NAME)";
				SWIFT_EMIT_LOC_STRINGS = YES;
				SWIFT_VERSION = 5.0;
				TARGETED_DEVICE_FAMILY = "1,2";
			};
			name = Release;
		};
		EE3881392E3BD5BB0044496A /* Debug */ = {
			isa = XCBuildConfiguration;
			buildSettings = {
				BUNDLE_LOADER = "$(TEST_HOST)";
				CODE_SIGN_STYLE = Automatic;
				CURRENT_PROJECT_VERSION = 1;
				DEVELOPMENT_TEAM = 8RQ333B4LF;
				GENERATE_INFOPLIST_FILE = YES;
				IPHONEOS_DEPLOYMENT_TARGET = 18.5;
				MARKETING_VERSION = 1.0;
				PRODUCT_BUNDLE_IDENTIFIER = cnc.commonwealth.HanziStepsTests;
				PRODUCT_NAME = "$(TARGET_NAME)";
				SWIFT_EMIT_LOC_STRINGS = NO;
				SWIFT_VERSION = 5.0;
				TARGETED_DEVICE_FAMILY = "1,2";
				TEST_HOST = "$(BUILT_PRODUCTS_DIR)/HanziSteps.app/$(BUNDLE_EXECUTABLE_FOLDER_PATH)/HanziSteps";
			};
			name = Debug;
		};
		EE38813A2E3BD5BB0044496A /* Release */ = {
			isa = XCBuildConfiguration;
			buildSettings = {
				BUNDLE_LOADER = "$(TEST_HOST)";
				CODE_SIGN_STYLE = Automatic;
				CURRENT_PROJECT_VERSION = 1;
				DEVELOPMENT_TEAM = 8RQ333B4LF;
				GENERATE_INFOPLIST_FILE = YES;
				IPHONEOS_DEPLOYMENT_TARGET = 18.5;
				MARKETING_VERSION = 1.0;
				PRODUCT_BUNDLE_IDENTIFIER = cnc.commonwealth.HanziStepsTests;
				PRODUCT_NAME = "$(TARGET_NAME)";
				SWIFT_EMIT_LOC_STRINGS = NO;
				SWIFT_VERSION = 5.0;
				TARGETED_DEVICE_FAMILY = "1,2";
				TEST_HOST = "$(BUILT_PRODUCTS_DIR)/HanziSteps.app/$(BUNDLE_EXECUTABLE_FOLDER_PATH)/HanziSteps";
			};
			name = Release;
		};
		EE38813C2E3BD5BB0044496A /* Debug */ = {
			isa = XCBuildConfiguration;
			buildSettings = {
				CODE_SIGN_STYLE = Automatic;
				CURRENT_PROJECT_VERSION = 1;
				DEVELOPMENT_TEAM = 8RQ333B4LF;
				GENERATE_INFOPLIST_FILE = YES;
				MARKETING_VERSION = 1.0;
				PRODUCT_BUNDLE_IDENTIFIER = cnc.commonwealth.HanziStepsUITests;
				PRODUCT_NAME = "$(TARGET_NAME)";
				SWIFT_EMIT_LOC_STRINGS = NO;
				SWIFT_VERSION = 5.0;
				TARGETED_DEVICE_FAMILY = "1,2";
				TEST_TARGET_NAME = HanziSteps;
			};
			name = Debug;
		};
		EE38813D2E3BD5BB0044496A /* Release */ = {
			isa = XCBuildConfiguration;
			buildSettings = {
				CODE_SIGN_STYLE = Automatic;
				CURRENT_PROJECT_VERSION = 1;
				DEVELOPMENT_TEAM = 8RQ333B4LF;
				GENERATE_INFOPLIST_FILE = YES;
				MARKETING_VERSION = 1.0;
				PRODUCT_BUNDLE_IDENTIFIER = cnc.commonwealth.HanziStepsUITests;
				PRODUCT_NAME = "$(TARGET_NAME)";
				SWIFT_EMIT_LOC_STRINGS = NO;
				SWIFT_VERSION = 5.0;
				TARGETED_DEVICE_FAMILY = "1,2";
				TEST_TARGET_NAME = HanziSteps;
			};
			name = Release;
		};
/* End XCBuildConfiguration section */

/* Begin XCConfigurationList section */
		EE38810D2E3BD5B90044496A /* Build configuration list for PBXProject "HanziSteps" */ = {
			isa = XCConfigurationList;
			buildConfigurations = (
				EE3881332E3BD5BB0044496A /* Debug */,
				EE3881342E3BD5BB0044496A /* Release */,
			);
			defaultConfigurationIsVisible = 0;
			defaultConfigurationName = Release;
		};
		EE3881352E3BD5BB0044496A /* Build configuration list for PBXNativeTarget "HanziSteps" */ = {
			isa = XCConfigurationList;
			buildConfigurations = (
				EE3881362E3BD5BB0044496A /* Debug */,
				EE3881372E3BD5BB0044496A /* Release */,
			);
			defaultConfigurationIsVisible = 0;
			defaultConfigurationName = Release;
		};
		EE3881382E3BD5BB0044496A /* Build configuration list for PBXNativeTarget "HanziStepsTests" */ = {
			isa = XCConfigurationList;
			buildConfigurations = (
				EE3881392E3BD5BB0044496A /* Debug */,
				EE38813A2E3BD5BB0044496A /* Release */,
			);
			defaultConfigurationIsVisible = 0;
			defaultConfigurationName = Release;
		};
		EE38813B2E3BD5BB0044496A /* Build configuration list for PBXNativeTarget "HanziStepsUITests" */ = {
			isa = XCConfigurationList;
			buildConfigurations = (
				EE38813C2E3BD5BB0044496A /* Debug */,
				EE38813D2E3BD5BB0044496A /* Release */,
			);
			defaultConfigurationIsVisible = 0;
			defaultConfigurationName = Release;
		};
/* End XCConfigurationList section */
	};
	rootObject = EE38810A2E3BD5B90044496A /* Project object */;
}
